lockfileVersion: '9.0'

settings:
  autoInstallPeers: true
  excludeLinksFromLockfile: false

importers:

  .:
    dependencies:
      '@ai-sdk/openai':
        specifier: ^3.0.41
        version: 3.0.41(zod@4.3.6)
      ai:
        specifier: ^6.0.116
        version: 6.0.116(zod@4.3.6)
      consola:
        specifier: ^3.4.2
        version: 3.4.2
      jsonc-parser:
        specifier: ^3.3.1
        version: 3.3.1
      openai:
        specifier: ^6.27.0
        version: 6.27.0(zod@4.3.6)
      telegraf:
        specifier: ^4.16.3
        version: 4.16.3
      telegramify-markdown:
        specifier: ^1.3.2
        version: 1.3.2
      tsconfig-paths:
        specifier: ^4.2.0
        version: 4.2.0
      yargs:
        specifier: ^18.0.0
        version: 18.0.0
      zod:
        specifier: ^4.3.6
        version: 4.3.6
    devDependencies:
      '@types/node':
        specifier: ^25.3.5
        version: 25.3.5
      '@types/yargs':
        specifier: ^17.0.35
        version: 17.0.35
      tsx:
        specifier: ^4.21.0
        version: 4.21.0
      typescript:
        specifier: ^5.9.3
        version: 5.9.3

packages:

  '@ai-sdk/gateway@3.0.66':
    resolution: {integrity: sha512-SIQ0YY0iMuv+07HLsZ+bB990zUJ6S4ujORAh+Jv1V2KGNn73qQKnGO0JBk+w+Res8YqOFSycwDoWcFlQrVxS4A==}
    engines: {node: '>=18'}
    peerDependencies:
      zod: ^3.25.76 || ^4.1.8

  '@ai-sdk/openai@3.0.41':
    resolution: {integrity: sha512-IZ42A+FO+vuEQCVNqlnAPYQnnUpUfdJIwn1BEDOBywiEHa23fw7PahxVtlX9zm3/zMvTW4JKPzWyvAgDu+SQ2A==}
    engines: {node: '>=18'}
    peerDependencies:
      zod: ^3.25.76 || ^4.1.8

  '@ai-sdk/provider-utils@4.0.19':
    resolution: {integrity: sha512-3eG55CrSWCu2SXlqq2QCsFjo3+E7+Gmg7i/oRVoSZzIodTuDSfLb3MRje67xE9RFea73Zao7Lm4mADIfUETKGg==}
    engines: {node: '>=18'}
    peerDependencies:
      zod: ^3.25.76 || ^4.1.8

  '@ai-sdk/provider@3.0.8':
    resolution: {integrity: sha512-oGMAgGoQdBXbZqNG0Ze56CHjDZ1IDYOwGYxYjO5KLSlz5HiNQ9udIXsPZ61VWaHGZ5XW/jyjmr6t2xz2jGVwbQ==}
    engines: {node: '>=18'}

  '@esbuild/aix-ppc64@0.27.3':
    resolution: {integrity: sha512-9fJMTNFTWZMh5qwrBItuziu834eOCUcEqymSH7pY+zoMVEZg3gcPuBNxH1EvfVYe9h0x/Ptw8KBzv7qxb7l8dg==}
    engines: {node: '>=18'}
    cpu: [ppc64]
    os: [aix]

  '@esbuild/android-arm64@0.27.3':
    resolution: {integrity: sha512-YdghPYUmj/FX2SYKJ0OZxf+iaKgMsKHVPF1MAq/P8WirnSpCStzKJFjOjzsW0QQ7oIAiccHdcqjbHmJxRb/dmg==}
    engines: {node: '>=18'}
    cpu: [arm64]
    os: [android]

  '@esbuild/android-arm@0.27.3':
    resolution: {integrity: sha512-i5D1hPY7GIQmXlXhs2w8AWHhenb00+GxjxRncS2ZM7YNVGNfaMxgzSGuO8o8SJzRc/oZwU2bcScvVERk03QhzA==}
    engines: {node: '>=18'}
    cpu: [arm]
    os: [android]

  '@esbuild/android-x64@0.27.3':
    resolution: {integrity: sha512-IN/0BNTkHtk8lkOM8JWAYFg4ORxBkZQf9zXiEOfERX/CzxW3Vg1ewAhU7QSWQpVIzTW+b8Xy+lGzdYXV6UZObQ==}
    engines: {node: '>=18'}
    cpu: [x64]
    os: [android]

  '@esbuild/darwin-arm64@0.27.3':
    resolution: {integrity: sha512-Re491k7ByTVRy0t3EKWajdLIr0gz2kKKfzafkth4Q8A5n1xTHrkqZgLLjFEHVD+AXdUGgQMq+Godfq45mGpCKg==}
    engines: {node: '>=18'}
    cpu: [arm64]
    os: [darwin]

  '@esbuild/darwin-x64@0.27.3':
    resolution: {integrity: sha512-vHk/hA7/1AckjGzRqi6wbo+jaShzRowYip6rt6q7VYEDX4LEy1pZfDpdxCBnGtl+A5zq8iXDcyuxwtv3hNtHFg==}
    engines: {node: '>=18'}
    cpu: [x64]
    os: [darwin]

  '@esbuild/freebsd-arm64@0.27.3':
    resolution: {integrity: sha512-ipTYM2fjt3kQAYOvo6vcxJx3nBYAzPjgTCk7QEgZG8AUO3ydUhvelmhrbOheMnGOlaSFUoHXB6un+A7q4ygY9w==}
    engines: {node: '>=18'}
    cpu: [arm64]
    os: [freebsd]

  '@esbuild/freebsd-x64@0.27.3':
    resolution: {integrity: sha512-dDk0X87T7mI6U3K9VjWtHOXqwAMJBNN2r7bejDsc+j03SEjtD9HrOl8gVFByeM0aJksoUuUVU9TBaZa2rgj0oA==}
    engines: {node: '>=18'}
    cpu: [x64]
    os: [freebsd]

  '@esbuild/linux-arm64@0.27.3':
    resolution: {integrity: sha512-sZOuFz/xWnZ4KH3YfFrKCf1WyPZHakVzTiqji3WDc0BCl2kBwiJLCXpzLzUBLgmp4veFZdvN5ChW4Eq/8Fc2Fg==}
    engines: {node: '>=18'}
    cpu: [arm64]
    os: [linux]

  '@esbuild/linux-arm@0.27.3':
    resolution: {integrity: sha512-s6nPv2QkSupJwLYyfS+gwdirm0ukyTFNl3KTgZEAiJDd+iHZcbTPPcWCcRYH+WlNbwChgH2QkE9NSlNrMT8Gfw==}
    engines: {node: '>=18'}
    cpu: [arm]
    os: [linux]

  '@esbuild/linux-ia32@0.27.3':
    resolution: {integrity: sha512-yGlQYjdxtLdh0a3jHjuwOrxQjOZYD/C9PfdbgJJF3TIZWnm/tMd/RcNiLngiu4iwcBAOezdnSLAwQDPqTmtTYg==}
    engines: {node: '>=18'}
    cpu: [ia32]
    os: [linux]

  '@esbuild/linux-loong64@0.27.3':
    resolution: {integrity: sha512-WO60Sn8ly3gtzhyjATDgieJNet/KqsDlX5nRC5Y3oTFcS1l0KWba+SEa9Ja1GfDqSF1z6hif/SkpQJbL63cgOA==}
    engines: {node: '>=18'}
    cpu: [loong64]
    os: [linux]

  '@esbuild/linux-mips64el@0.27.3':
    resolution: {integrity: sha512-APsymYA6sGcZ4pD6k+UxbDjOFSvPWyZhjaiPyl/f79xKxwTnrn5QUnXR5prvetuaSMsb4jgeHewIDCIWljrSxw==}
    engines: {node: '>=18'}
    cpu: [mips64el]
    os: [linux]

  '@esbuild/linux-ppc64@0.27.3':
    resolution: {integrity: sha512-eizBnTeBefojtDb9nSh4vvVQ3V9Qf9Df01PfawPcRzJH4gFSgrObw+LveUyDoKU3kxi5+9RJTCWlj4FjYXVPEA==}
    engines: {node: '>=18'}
    cpu: [ppc64]
    os: [linux]

  '@esbuild/linux-riscv64@0.27.3':
    resolution: {integrity: sha512-3Emwh0r5wmfm3ssTWRQSyVhbOHvqegUDRd0WhmXKX2mkHJe1SFCMJhagUleMq+Uci34wLSipf8Lagt4LlpRFWQ==}
    engines: {node: '>=18'}
    cpu: [riscv64]
    os: [linux]

  '@esbuild/linux-s390x@0.27.3':
    resolution: {integrity: sha512-pBHUx9LzXWBc7MFIEEL0yD/ZVtNgLytvx60gES28GcWMqil8ElCYR4kvbV2BDqsHOvVDRrOxGySBM9Fcv744hw==}
    engines: {node: '>=18'}
    cpu: [s390x]
    os: [linux]

  '@esbuild/linux-x64@0.27.3':
    resolution: {integrity: sha512-Czi8yzXUWIQYAtL/2y6vogER8pvcsOsk5cpwL4Gk5nJqH5UZiVByIY8Eorm5R13gq+DQKYg0+JyQoytLQas4dA==}
    engines: {node: '>=18'}
    cpu: [x64]
    os: [linux]

  '@esbuild/netbsd-arm64@0.27.3':
    resolution: {integrity: sha512-sDpk0RgmTCR/5HguIZa9n9u+HVKf40fbEUt+iTzSnCaGvY9kFP0YKBWZtJaraonFnqef5SlJ8/TiPAxzyS+UoA==}
    engines: {node: '>=18'}
    cpu: [arm64]
    os: [netbsd]

  '@esbuild/netbsd-x64@0.27.3':
    resolution: {integrity: sha512-P14lFKJl/DdaE00LItAukUdZO5iqNH7+PjoBm+fLQjtxfcfFE20Xf5CrLsmZdq5LFFZzb5JMZ9grUwvtVYzjiA==}
    engines: {node: '>=18'}
    cpu: [x64]
    os: [netbsd]

  '@esbuild/openbsd-arm64@0.27.3':
    resolution: {integrity: sha512-AIcMP77AvirGbRl/UZFTq5hjXK+2wC7qFRGoHSDrZ5v5b8DK/GYpXW3CPRL53NkvDqb9D+alBiC/dV0Fb7eJcw==}
    engines: {node: '>=18'}
    cpu: [arm64]
    os: [openbsd]

  '@esbuild/openbsd-x64@0.27.3':
    resolution: {integrity: sha512-DnW2sRrBzA+YnE70LKqnM3P+z8vehfJWHXECbwBmH/CU51z6FiqTQTHFenPlHmo3a8UgpLyH3PT+87OViOh1AQ==}
    engines: {node: '>=18'}
    cpu: [x64]
    os: [openbsd]

  '@esbuild/openharmony-arm64@0.27.3':
    resolution: {integrity: sha512-NinAEgr/etERPTsZJ7aEZQvvg/A6IsZG/LgZy+81wON2huV7SrK3e63dU0XhyZP4RKGyTm7aOgmQk0bGp0fy2g==}
    engines: {node: '>=18'}
    cpu: [arm64]
    os: [openharmony]

  '@esbuild/sunos-x64@0.27.3':
    resolution: {integrity: sha512-PanZ+nEz+eWoBJ8/f8HKxTTD172SKwdXebZ0ndd953gt1HRBbhMsaNqjTyYLGLPdoWHy4zLU7bDVJztF5f3BHA==}
    engines: {node: '>=18'}
    cpu: [x64]
    os: [sunos]

  '@esbuild/win32-arm64@0.27.3':
    resolution: {integrity: sha512-B2t59lWWYrbRDw/tjiWOuzSsFh1Y/E95ofKz7rIVYSQkUYBjfSgf6oeYPNWHToFRr2zx52JKApIcAS/D5TUBnA==}
    engines: {node: '>=18'}
    cpu: [arm64]
    os: [win32]

  '@esbuild/win32-ia32@0.27.3':
    resolution: {integrity: sha512-QLKSFeXNS8+tHW7tZpMtjlNb7HKau0QDpwm49u0vUp9y1WOF+PEzkU84y9GqYaAVW8aH8f3GcBck26jh54cX4Q==}
    engines: {node: '>=18'}
    cpu: [ia32]
    os: [win32]

  '@esbuild/win32-x64@0.27.3':
    resolution: {integrity: sha512-4uJGhsxuptu3OcpVAzli+/gWusVGwZZHTlS63hh++ehExkVT8SgiEf7/uC/PclrPPkLhZqGgCTjd0VWLo6xMqA==}
    engines: {node: '>=18'}
    cpu: [x64]
    os: [win32]

  '@opentelemetry/api@1.9.0':
    resolution: {integrity: sha512-3giAOQvZiH5F9bMlMiv8+GSPMeqg0dbaeo58/0SlA9sxSqZhnUtxzX9/2FzyhS9sWQf5S0GJE0AKBrFqjpeYcg==}
    engines: {node: '>=8.0.0'}

  '@standard-schema/spec@1.1.0':
    resolution: {integrity: sha512-l2aFy5jALhniG5HgqrD6jXLi/rUWrKvqN/qJx6yoJsgKhblVd+iqqU4RCXavm/jPityDo5TCvKMnpjKnOriy0w==}

  '@telegraf/types@7.1.0':
    resolution: {integrity: sha512-kGevOIbpMcIlCDeorKGpwZmdH7kHbqlk/Yj6dEpJMKEQw5lk0KVQY0OLXaCswy8GqlIVLd5625OB+rAntP9xVw==}

  '@types/mdast@3.0.15':
    resolution: {integrity: sha512-LnwD+mUEfxWMa1QpDraczIn6k0Ee3SMicuYSSzS6ZYl2gKS09EClnJYGd8Du6rfc5r/GZEk5o1mRb8TaTj03sQ==}

  '@types/node@25.3.5':
    resolution: {integrity: sha512-oX8xrhvpiyRCQkG1MFchB09f+cXftgIXb3a7UUa4Y3wpmZPw5tyZGTLWhlESOLq1Rq6oDlc8npVU2/9xiCuXMA==}

  '@types/unist@2.0.11':
    resolution: {integrity: sha512-CmBKiL6NNo/OqgmMn95Fk9Whlp2mtvIv+KNpQKN2F4SjvrEesubTRWGYSg+BnWZOnlCaSTU1sMpsBOzgbYhnsA==}

  '@types/yargs-parser@21.0.3':
    resolution: {integrity: sha512-I4q9QU9MQv4oEOz4tAHJtNz1cwuLxn2F3xcc2iV5WdqLPpUnj30aUuxt1mAxYTG+oe8CZMV/+6rU4S4gRDzqtQ==}

  '@types/yargs@17.0.35':
    resolution: {integrity: sha512-qUHkeCyQFxMXg79wQfTtfndEC+N9ZZg76HJftDJp+qH2tV7Gj4OJi7l+PiWwJ+pWtW8GwSmqsDj/oymhrTWXjg==}

  '@vercel/oidc@3.1.0':
    resolution: {integrity: sha512-Fw28YZpRnA3cAHHDlkt7xQHiJ0fcL+NRcIqsocZQUSmbzeIKRpwttJjik5ZGanXP+vlA4SbTg+AbA3bP363l+w==}
    engines: {node: '>= 20'}

  abort-controller@3.0.0:
    resolution: {integrity: sha512-h8lQ8tacZYnR3vNQTgibj+tODHI5/+l06Au2Pcriv/Gmet0eaj4TwWH41sO9wnHDiQsEj19q0drzdWdeAHtweg==}
    engines: {node: '>=6.5'}

  ai@6.0.116:
    resolution: {integrity: sha512-7yM+cTmyRLeNIXwt4Vj+mrrJgVQ9RMIW5WO0ydoLoYkewIvsMcvUmqS4j2RJTUXaF1HphwmSKUMQ/HypNRGOmA==}
    engines: {node: '>=18'}
    peerDependencies:
      zod: ^3.25.76 || ^4.1.8

  ansi-regex@6.2.2:
    resolution: {integrity: sha512-Bq3SmSpyFHaWjPk8If9yc6svM8c56dB5BAtW4Qbw5jHTwwXXcTLoRMkpDJp6VL0XzlWaCHTXrkFURMYmD0sLqg==}
    engines: {node: '>=12'}

  ansi-styles@6.2.3:
    resolution: {integrity: sha512-4Dj6M28JB+oAH8kFkTLUo+a2jwOFkuqb3yucU0CANcRRUbxS0cP0nZYCGjcc3BNXwRIsUVmDGgzawme7zvJHvg==}
    engines: {node: '>=12'}

  bail@1.0.5:
    resolution: {integrity: sha512-xFbRxM1tahm08yHBP16MMjVUAvDaBMD38zsM9EMAUN61omwLmKlOpB/Zku5QkjZ8TZ4vn53pj+t518cH0S03RQ==}

  buffer-alloc-unsafe@1.1.0:
    resolution: {integrity: sha512-TEM2iMIEQdJ2yjPJoSIsldnleVaAk1oW3DBVUykyOLsEsFmEc9kn+SFFPz+gl54KQNxlDnAwCXosOS9Okx2xAg==}

  buffer-alloc@1.2.0:
    resolution: {integrity: sha512-CFsHQgjtW1UChdXgbyJGtnm+O/uLQeZdtbDo8mfUgYXCHSM1wgrVxXm6bSyrUuErEb+4sYVGCzASBRot7zyrow==}

  buffer-fill@1.0.0:
    resolution: {integrity: sha512-T7zexNBwiiaCOGDg9xNX9PBmjrubblRkENuptryuI64URkXDFum9il/JGL8Lm8wYfAXpredVXXZz7eMHilimiQ==}

  ccount@1.1.0:
    resolution: {integrity: sha512-vlNK021QdI7PNeiUh/lKkC/mNHHfV0m/Ad5JoI0TYtlBnJAslM/JIkm/tGC88bkLIwO6OQ5uV6ztS6kVAtCDlg==}

  character-entities-legacy@1.1.4:
    resolution: {integrity: sha512-3Xnr+7ZFS1uxeiUDvV02wQ+QDbc55o97tIV5zHScSPJpcLm/r0DFPcoY3tYRp+VZukxuMeKgXYmsXQHO05zQeA==}

  character-entities@1.2.4:
    resolution: {integrity: sha512-iBMyeEHxfVnIakwOuDXpVkc54HijNgCyQB2w0VfGQThle6NXn50zU6V/u+LDhxHcDUPojn6Kpga3PTAD8W1bQw==}

  character-reference-invalid@1.1.4:
    resolution: {integrity: sha512-mKKUkUbhPpQlCOfIuZkvSEgktjPFIsZKRRbC6KWVEMvlzblj3i3asQv5ODsrwt0N3pHAEvjP8KTQPHkp0+6jOg==}

  cliui@9.0.1:
    resolution: {integrity: sha512-k7ndgKhwoQveBL+/1tqGJYNz097I7WOvwbmmU2AR5+magtbjPWQTS1C5vzGkBC8Ym8UWRzfKUzUUqFLypY4Q+w==}
    engines: {node: '>=20'}

  consola@3.4.2:
    resolution: {integrity: sha512-5IKcdX0nnYavi6G7TtOhwkYzyjfJlatbjMjuLSfE2kYT5pMDOilZ4OvMhi637CcDICTmz3wARPoyhqyX1Y+XvA==}
    engines: {node: ^14.18.0 || >=16.10.0}

  debug@4.4.3:
    resolution: {integrity: sha512-RGwwWnwQvkVfavKVt22FGLw+xYSdzARwm0ru6DhTVA3umU5hZc28V3kO4stgYryrTlLpuvgI9GiijltAjNbcqA==}
    engines: {node: '>=6.0'}
    peerDependencies:
      supports-color: '*'
    peerDependenciesMeta:
      supports-color:
        optional: true

  emoji-regex@10.6.0:
    resolution: {integrity: sha512-toUI84YS5YmxW219erniWD0CIVOo46xGKColeNQRgOzDorgBi1v4D71/OFzgD9GO2UGKIv1C3Sp8DAn0+j5w7A==}

  esbuild@0.27.3:
    resolution: {integrity: sha512-8VwMnyGCONIs6cWue2IdpHxHnAjzxnw2Zr7MkVxB2vjmQ2ivqGFb4LEG3SMnv0Gb2F/G/2yA8zUaiL1gywDCCg==}
    engines: {node: '>=18'}
    hasBin: true

  escalade@3.2.0:
    resolution: {integrity: sha512-WUj2qlxaQtO4g6Pq5c29GTcWGDyd8itL8zTlipgECz3JesAiiOKotd8JU6otB3PACgG6xkJUyVhboMS+bje/jA==}
    engines: {node: '>=6'}

  escape-string-regexp@4.0.0:
    resolution: {integrity: sha512-TtpcNJ3XAzx3Gq8sWRzJaVajRs0uVxA2YAkdb1jm2YkPz4G6egUFAyA3n5vtEIZefPk5Wa4UXbKuS5fKkJWdgA==}
    engines: {node: '>=10'}

  event-target-shim@5.0.1:
    resolution: {integrity: sha512-i/2XbnSz/uxRCU6+NdVJgKWDTM427+MqYbkQzD321DuCQJUqOuJKIA0IM2+W2xtYHdKOmZ4dR6fExsd4SXL+WQ==}
    engines: {node: '>=6'}

  eventsource-parser@3.0.6:
    resolution: {integrity: sha512-Vo1ab+QXPzZ4tCa8SwIHJFaSzy4R6SHf7BY79rFBDf0idraZWAkYrDjDj8uWaSm3S2TK+hJ7/t1CEmZ7jXw+pg==}
    engines: {node: '>=18.0.0'}

  extend@3.0.2:
    resolution: {integrity: sha512-fjquC59cD7CyW6urNXK0FBufkZcoiGG80wTuPujX590cB5Ttln20E2UB4S/WARVqhXffZl2LNgS+gQdPIIim/g==}

  fsevents@2.3.3:
    resolution: {integrity: sha512-5xoDfX+fL7faATnagmWPpbFtwh/R77WmMMqqHGS65C3vvB0YHrgF+B1YmZ3441tMj5n63k0212XNoJwzlhffQw==}
    engines: {node: ^8.16.0 || ^10.6.0 || >=11.0.0}
    os: [darwin]

  get-caller-file@2.0.5:
    resolution: {integrity: sha512-DyFP3BM/3YHTQOCUL/w0OZHR0lpKeGrxotcHWcqNEdnltqFwXVfhEBQ94eIo34AfQpo0rGki4cyIiftY06h2Fg==}
    engines: {node: 6.* || 8.* || >= 10.*}

  get-east-asian-width@1.5.0:
    resolution: {integrity: sha512-CQ+bEO+Tva/qlmw24dCejulK5pMzVnUOFOijVogd3KQs07HnRIgp8TGipvCCRT06xeYEbpbgwaCxglFyiuIcmA==}
    engines: {node: '>=18'}

  get-tsconfig@4.13.6:
    resolution: {integrity: sha512-shZT/QMiSHc/YBLxxOkMtgSid5HFoauqCE3/exfsEcwg1WkeqjG+V40yBbBrsD+jW2HDXcs28xOfcbm2jI8Ddw==}

  html-comment-regex@1.1.2:
    resolution: {integrity: sha512-P+M65QY2JQ5Y0G9KKdlDpo0zK+/OHptU5AaBwUfAIDJZk1MYf32Frm84EcOytfJE0t5JvkAnKlmjsXDnWzCJmQ==}

  is-alphabetical@1.0.4:
    resolution: {integrity: sha512-DwzsA04LQ10FHTZuL0/grVDk4rFoVH1pjAToYwBrHSxcrBIGQuXrQMtD5U1b0U2XVgKZCTLLP8u2Qxqhy3l2Vg==}

  is-alphanumerical@1.0.4:
    resolution: {integrity: sha512-UzoZUr+XfVz3t3v4KyGEniVL9BDRoQtY7tOyrRybkVNjDFWyo1yhXNGrrBTQxp3ib9BLAWs7k2YKBQsFRkZG9A==}

  is-buffer@2.0.5:
    resolution: {integrity: sha512-i2R6zNFDwgEHJyQUtJEk0XFi1i0dPFn/oqjK3/vPCcDeJvW5NQ83V8QbicfF1SupOaB0h8ntgBC2YiE7dfyctQ==}
    engines: {node: '>=4'}

  is-decimal@1.0.4:
    resolution: {integrity: sha512-RGdriMmQQvZ2aqaQq3awNA6dCGtKpiDFcOzrTWrDAT2MiWrKQVPmxLGHl7Y2nNu6led0kEyoX0enY0qXYsv9zw==}

  is-hexadecimal@1.0.4:
    resolution: {integrity: sha512-gyPJuv83bHMpocVYoqof5VDiZveEoGoFL8m3BXNb2VW8Xs+rz9kqO8LOQ5DH6EsuvilT1ApazU0pyl+ytbPtlw==}

  is-plain-obj@2.1.0:
    resolution: {integrity: sha512-YWnfyRwxL/+SsrWYfOpUtz5b3YD+nyfkHvjbcanzk8zgyO4ASD67uVMRt8k5bM4lLMDnXfriRhOpemw+NfT1eA==}
    engines: {node: '>=8'}

  json-schema@0.4.0:
    resolution: {integrity: sha512-es94M3nTIfsEPisRafak+HDLfHXnKBhV3vU5eqPcS3flIWqcxJWgXHXiey3YrpaNsanY5ei1VoYEbOzijuq9BA==}

  json5@2.2.3:
    resolution: {integrity: sha512-XmOWe7eyHYH14cLdVPoyg+GOH3rYX++KpzrylJwSW98t3Nk+U8XOl8FWKOgwtzdb8lXGf6zYwDUzeHMWfxasyg==}
    engines: {node: '>=6'}
    hasBin: true

  jsonc-parser@3.3.1:
    resolution: {integrity: sha512-HUgH65KyejrUFPvHFPbqOY0rsFip3Bo5wb4ngvdi1EpCYWUQDC5V+Y7mZws+DLkr4M//zQJoanu1SP+87Dv1oQ==}

  longest-streak@2.0.4:
    resolution: {integrity: sha512-vM6rUVCVUJJt33bnmHiZEvr7wPT78ztX7rojL+LW51bHtLh6HTjx84LA5W4+oa6aKEJA7jJu5LR6vQRBpA5DVg==}

  markdown-table@2.0.0:
    resolution: {integrity: sha512-Ezda85ToJUBhM6WGaG6veasyym+Tbs3cMAw/ZhOPqXiYsr0jgocBV3j3nx+4lk47plLlIqjwuTm/ywVI+zjJ/A==}

  mdast-util-find-and-replace@1.1.1:
    resolution: {integrity: sha512-9cKl33Y21lyckGzpSmEQnIDjEfeeWelN5s1kUW1LwdB0Fkuq2u+4GdqcGEygYxJE8GVqCl0741bYXHgamfWAZA==}

  mdast-util-from-markdown@0.8.5:
    resolution: {integrity: sha512-2hkTXtYYnr+NubD/g6KGBS/0mFmBcifAsI0yIWRiRo0PjVs6SSOSOdtzbp6kSGnShDN6G5aWZpKQ2lWRy27mWQ==}

  mdast-util-gfm-autolink-literal@0.1.3:
    resolution: {integrity: sha512-GjmLjWrXg1wqMIO9+ZsRik/s7PLwTaeCHVB7vRxUwLntZc8mzmTsLVr6HW1yLokcnhfURsn5zmSVdi3/xWWu1A==}

  mdast-util-gfm-strikethrough@0.2.3:
    resolution: {integrity: sha512-5OQLXpt6qdbttcDG/UxYY7Yjj3e8P7X16LzvpX8pIQPYJ/C2Z1qFGMmcw+1PZMUM3Z8wt8NRfYTvCni93mgsgA==}

  mdast-util-gfm-table@0.1.6:
    resolution: {integrity: sha512-j4yDxQ66AJSBwGkbpFEp9uG/LS1tZV3P33fN1gkyRB2LoRL+RR3f76m0HPHaby6F4Z5xr9Fv1URmATlRRUIpRQ==}

  mdast-util-gfm-task-list-item@0.1.6:
    resolution: {integrity: sha512-/d51FFIfPsSmCIRNp7E6pozM9z1GYPIkSy1urQ8s/o4TC22BZ7DqfHFWiqBD23bc7J3vV1Fc9O4QIHBlfuit8A==}

  mdast-util-gfm@0.1.2:
    resolution: {integrity: sha512-NNkhDx/qYcuOWB7xHUGWZYVXvjPFFd6afg6/e2g+SV4r9q5XUcCbV4Wfa3DLYIiD+xAEZc6K4MGaE/m0KDcPwQ==}

  mdast-util-to-markdown@0.6.5:
    resolution: {integrity: sha512-XeV9sDE7ZlOQvs45C9UKMtfTcctcaj/pGwH8YLbMHoMOXNNCn2LsqVQOqrF1+/NU8lKDAqozme9SCXWyo9oAcQ==}

  mdast-util-to-string@2.0.0:
    resolution: {integrity: sha512-AW4DRS3QbBayY/jJmD8437V1Gombjf8RSOUCMFBuo5iHi58AGEgVCKQ+ezHkZZDpAQS75hcBMpLqjpJTjtUL7w==}

  micromark-extension-gfm-autolink-literal@0.5.7:
    resolution: {integrity: sha512-ePiDGH0/lhcngCe8FtH4ARFoxKTUelMp4L7Gg2pujYD5CSMb9PbblnyL+AAMud/SNMyusbS2XDSiPIRcQoNFAw==}

  micromark-extension-gfm-strikethrough@0.6.5:
    resolution: {integrity: sha512-PpOKlgokpQRwUesRwWEp+fHjGGkZEejj83k9gU5iXCbDG+XBA92BqnRKYJdfqfkrRcZRgGuPuXb7DaK/DmxOhw==}

  micromark-extension-gfm-table@0.4.3:
    resolution: {integrity: sha512-hVGvESPq0fk6ALWtomcwmgLvH8ZSVpcPjzi0AjPclB9FsVRgMtGZkUcpE0zgjOCFAznKepF4z3hX8z6e3HODdA==}

  micromark-extension-gfm-tagfilter@0.3.0:
    resolution: {integrity: sha512-9GU0xBatryXifL//FJH+tAZ6i240xQuFrSL7mYi8f4oZSbc+NvXjkrHemeYP0+L4ZUT+Ptz3b95zhUZnMtoi/Q==}

  micromark-extension-gfm-task-list-item@0.3.3:
    resolution: {integrity: sha512-0zvM5iSLKrc/NQl84pZSjGo66aTGd57C1idmlWmE87lkMcXrTxg1uXa/nXomxJytoje9trP0NDLvw4bZ/Z/XCQ==}

  micromark-extension-gfm@0.3.3:
    resolution: {integrity: sha512-oVN4zv5/tAIA+l3GbMi7lWeYpJ14oQyJ3uEim20ktYFAcfX1x3LNlFGGlmrZHt7u9YlKExmyJdDGaTt6cMSR/A==}

  micromark@2.11.4:
    resolution: {integrity: sha512-+WoovN/ppKolQOFIAajxi7Lu9kInbPxFuTBVEavFcL8eAfVstoc5MocPmqBeAdBOJV00uaVjegzH4+MA0DN/uA==}

  minimist@1.2.8:
    resolution: {integrity: sha512-2yyAR8qBkN3YuheJanUpWC5U3bb5osDywNB8RzDVlDwDHbocAJveqqj1u8+SVD7jkWT4yvsHCpWqqWqAxb0zCA==}

  mri@1.2.0:
    resolution: {integrity: sha512-tzzskb3bG8LvYGFF/mDTpq3jpI6Q9wc3LEmBaghu+DdCssd1FakN7Bc0hVNmEyGq1bq3RgfkCb3cmQLpNPOroA==}
    engines: {node: '>=4'}

  ms@2.1.3:
    resolution: {integrity: sha512-6FlzubTLZG3J2a/NVCAleEhjzq5oxgHyaCU9yYXvcLsvoVaHJq/s5xXI6/XXP6tz7R9xAOtHnSO/tXtF3WRTlA==}

  node-fetch@2.7.0:
    resolution: {integrity: sha512-c4FRfUm/dbcWZ7U+1Wq0AwCyFL+3nt2bEw05wfxSz+DWpWsitgmSgYmy2dQdWyKC1694ELPqMs/YzUSNozLt8A==}
    engines: {node: 4.x || >=6.0.0}
    peerDependencies:
      encoding: ^0.1.0
    peerDependenciesMeta:
      encoding:
        optional: true

  openai@6.27.0:
    resolution: {integrity: sha512-osTKySlrdYrLYTt0zjhY8yp0JUBmWDCN+Q+QxsV4xMQnnoVFpylgKGgxwN8sSdTNw0G4y+WUXs4eCMWpyDNWZQ==}
    hasBin: true
    peerDependencies:
      ws: ^8.18.0
      zod: ^3.25 || ^4.0
    peerDependenciesMeta:
      ws:
        optional: true
      zod:
        optional: true

  p-timeout@4.1.0:
    resolution: {integrity: sha512-+/wmHtzJuWii1sXn3HCuH/FTwGhrp4tmJTxSKJbfS+vkipci6osxXM5mY0jUiRzWKMTgUT8l7HFbeSwZAynqHw==}
    engines: {node: '>=10'}

  parse-entities@2.0.0:
    resolution: {integrity: sha512-kkywGpCcRYhqQIchaWqZ875wzpS/bMKhz5HnN3p7wveJTkTtyAB/AlnS0f8DFSqYW1T82t6yEAkEcB+A1I3MbQ==}

  remark-gfm@1.0.0:
    resolution: {integrity: sha512-KfexHJCiqvrdBZVbQ6RopMZGwaXz6wFJEfByIuEwGf0arvITHjiKKZ1dpXujjH9KZdm1//XJQwgfnJ3lmXaDPA==}

  remark-parse@9.0.0:
    resolution: {integrity: sha512-geKatMwSzEXKHuzBNU1z676sGcDcFoChMK38TgdHJNAYfFtsfHDQG7MoJAjs6sgYMqyLduCYWDIWZIxiPeafEw==}

  remark-remove-comments@0.2.0:
    resolution: {integrity: sha512-faGaTeqp0bvDgE0uTofa90EBHD4HXeHN+EUaPDR9datgFvaPkYcLxakaJud9LnomFPkOhx0A9NMYFk/lln/etQ==}

  remark-stringify@9.0.1:
    resolution: {integrity: sha512-mWmNg3ZtESvZS8fv5PTvaPckdL4iNlCHTt8/e/8oN08nArHRHjNZMKzA/YW3+p7/lYqIw4nx1XsjCBo/AxNChg==}

  repeat-string@1.6.1:
    resolution: {integrity: sha512-PV0dzCYDNfRi1jCDbJzpW7jNNDRuCOG/jI5ctQcGKt/clZD+YcPS3yIlWuTJMmESC8aevCFmWJy5wjAFgNqN6w==}
    engines: {node: '>=0.10'}

  resolve-pkg-maps@1.0.0:
    resolution: {integrity: sha512-seS2Tj26TBVOC2NIc2rOe2y2ZO7efxITtLZcGSOnHHNOQ7CkiUBfw0Iw2ck6xkIhPwLhKNLS8BO+hEpngQlqzw==}

  safe-compare@1.1.4:
    resolution: {integrity: sha512-b9wZ986HHCo/HbKrRpBJb2kqXMK9CEWIE1egeEvZsYn69ay3kdfl9nG3RyOcR+jInTDf7a86WQ1d4VJX7goSSQ==}

  sandwich-stream@2.0.2:
    resolution: {integrity: sha512-jLYV0DORrzY3xaz/S9ydJL6Iz7essZeAfnAavsJ+zsJGZ1MOnsS52yRjU3uF3pJa/lla7+wisp//fxOwOH8SKQ==}
    engines: {node: '>= 0.10'}

  string-width@7.2.0:
    resolution: {integrity: sha512-tsaTIkKW9b4N+AEj+SVA+WhJzV7/zMhcSu78mLKWSk7cXMOSHsBKFWUs0fWwq8QyK3MgJBQRX6Gbi4kYbdvGkQ==}
    engines: {node: '>=18'}

  strip-ansi@7.2.0:
    resolution: {integrity: sha512-yDPMNjp4WyfYBkHnjIRLfca1i6KMyGCtsVgoKe/z1+6vukgaENdgGBZt+ZmKPc4gavvEZ5OgHfHdrazhgNyG7w==}
    engines: {node: '>=12'}

  strip-bom@3.0.0:
    resolution: {integrity: sha512-vavAMRXOgBVNF6nyEEmL3DBK19iRpDcoIwW+swQ+CbGiu7lju6t+JklA1MHweoWtadgt4ISVUsXLyDq34ddcwA==}
    engines: {node: '>=4'}

  telegraf@4.16.3:
    resolution: {integrity: sha512-yjEu2NwkHlXu0OARWoNhJlIjX09dRktiMQFsM678BAH/PEPVwctzL67+tvXqLCRQQvm3SDtki2saGO9hLlz68w==}
    engines: {node: ^12.20.0 || >=14.13.1}
    hasBin: true

  telegramify-markdown@1.3.2:
    resolution: {integrity: sha512-otv/SSjJD4MQGBYcRqkSchs84nYBYQoE2BqplQTIoIMN4nT0tDZgxbU5yjdBLkNxaQfkzYja27Hl/hcVJwewcg==}

  tr46@0.0.3:
    resolution: {integrity: sha512-N3WMsuqV66lT30CrXNbEjx4GEwlow3v6rr4mCcv6prnfwhS01rkgyFdjPNBYd9br7LpXV1+Emh01fHnq2Gdgrw==}

  trough@1.0.5:
    resolution: {integrity: sha512-rvuRbTarPXmMb79SmzEp8aqXNKcK+y0XaB298IXueQ8I2PsrATcPBCSPyK/dDNa2iWOhKlfNnOjdAOTBU/nkFA==}

  tsconfig-paths@4.2.0:
    resolution: {integrity: sha512-NoZ4roiN7LnbKn9QqE1amc9DJfzvZXxF4xDavcOWt1BPkdx+m+0gJuPM+S0vCe7zTJMYUP0R8pO2XMr+Y8oLIg==}
    engines: {node: '>=6'}

  tsx@4.21.0:
    resolution: {integrity: sha512-5C1sg4USs1lfG0GFb2RLXsdpXqBSEhAaA/0kPL01wxzpMqLILNxIxIOKiILz+cdg/pLnOUxFYOR5yhHU666wbw==}
    engines: {node: '>=18.0.0'}
    hasBin: true

  typescript@5.9.3:
    resolution: {integrity: sha512-jl1vZzPDinLr9eUt3J/t7V6FgNEw9QjvBPdysz9KfQDD41fQrC2Y4vKQdiaUpFT4bXlb1RHhLpp8wtm6M5TgSw==}
    engines: {node: '>=14.17'}
    hasBin: true

  undici-types@7.18.2:
    resolution: {integrity: sha512-AsuCzffGHJybSaRrmr5eHr81mwJU3kjw6M+uprWvCXiNeN9SOGwQ3Jn8jb8m3Z6izVgknn1R0FTCEAP2QrLY/w==}

  unified@9.2.2:
    resolution: {integrity: sha512-Sg7j110mtefBD+qunSLO1lqOEKdrwBFBrR6Qd8f4uwkhWNlbkaqwHse6e7QvD3AP/MNoJdEDLaf8OxYyoWgorQ==}

  unist-util-is@4.1.0:
    resolution: {integrity: sha512-ZOQSsnce92GrxSqlnEEseX0gi7GH9zTJZ0p9dtu87WRb/37mMPO2Ilx1s/t9vBHrFhbgweUwb+t7cIn5dxPhZg==}

  unist-util-remove@2.1.0:
    resolution: {integrity: sha512-J8NYPyBm4baYLdCbjmf1bhPu45Cr1MWTm77qd9istEkzWpnN6O9tMsEbB2JhNnBCqGENRqEWomQ+He6au0B27Q==}

  unist-util-stringify-position@2.0.3:
    resolution: {integrity: sha512-3faScn5I+hy9VleOq/qNbAd6pAx7iH5jYBMS9I1HgQVijz/4mv5Bvw5iw1sC/90CODiKo81G/ps8AJrISn687g==}

  unist-util-visit-parents@3.1.1:
    resolution: {integrity: sha512-1KROIZWo6bcMrZEwiH2UrXDyalAa0uqzWCxCJj6lPOvTve2WkfgCytoDTPaMnodXh1WrXOq0haVYHj99ynJlsg==}

  unist-util-visit@2.0.3:
    resolution: {integrity: sha512-iJ4/RczbJMkD0712mGktuGpm/U4By4FfDonL7N/9tATGIF4imikjOuagyMY53tnZq3NP6BcmlrHhEKAfGWjh7Q==}

  vfile-message@2.0.4:
    resolution: {integrity: sha512-DjssxRGkMvifUOJre00juHoP9DPWuzjxKuMDrhNbk2TdaYYBNMStsNhEOt3idrtI12VQYM/1+iM0KOzXi4pxwQ==}

  vfile@4.2.1:
    resolution: {integrity: sha512-O6AE4OskCG5S1emQ/4gl8zK586RqA3srz3nfK/Viy0UPToBc5Trp9BVFb1u0CjsKrAWwnpr4ifM/KBXPWwJbCA==}

  webidl-conversions@3.0.1:
    resolution: {integrity: sha512-2JAn3z8AR6rjK8Sm8orRC0h/bcl/DqL7tRPdGZ4I1CjdF+EaMLmYxBHyXuKL849eucPFhvBoxMsflfOb8kxaeQ==}

  whatwg-url@5.0.0:
    resolution: {integrity: sha512-saE57nupxk6v3HY35+jzBwYa0rKSy0XR8JSxZPwgLr7ys0IBzhGviA1/TUGJLmSVqs8pb9AnvICXEuOHLprYTw==}

  wrap-ansi@9.0.2:
    resolution: {integrity: sha512-42AtmgqjV+X1VpdOfyTGOYRi0/zsoLqtXQckTmqTeybT+BDIbM/Guxo7x3pE2vtpr1ok6xRqM9OpBe+Jyoqyww==}
    engines: {node: '>=18'}

  y18n@5.0.8:
    resolution: {integrity: sha512-0pfFzegeDWJHJIAmTLRP2DwHjdF5s7jo9tuztdQxAhINCdvS+3nGINqPd00AphqJR/0LhANUS6/+7SCb98YOfA==}
    engines: {node: '>=10'}

  yargs-parser@22.0.0:
    resolution: {integrity: sha512-rwu/ClNdSMpkSrUb+d6BRsSkLUq1fmfsY6TOpYzTwvwkg1/NRG85KBy3kq++A8LKQwX6lsu+aWad+2khvuXrqw==}
    engines: {node: ^20.19.0 || ^22.12.0 || >=23}

  yargs@18.0.0:
    resolution: {integrity: sha512-4UEqdc2RYGHZc7Doyqkrqiln3p9X2DZVxaGbwhn2pi7MrRagKaOcIKe8L3OxYcbhXLgLFUS3zAYuQjKBQgmuNg==}
    engines: {node: ^20.19.0 || ^22.12.0 || >=23}

  zod@4.3.6:
    resolution: {integrity: sha512-rftlrkhHZOcjDwkGlnUtZZkvaPHCsDATp4pGpuOOMDaTdDDXF91wuVDJoWoPsKX/3YPQ5fHuF3STjcYyKr+Qhg==}

  zwitch@1.0.5:
    resolution: {integrity: sha512-V50KMwwzqJV0NpZIZFwfOD5/lyny3WlSzRiXgA0G7VUnRlqttta1L6UQIHzd6EuBY/cHGfwTIck7w1yH6Q5zUw==}

snapshots:

  '@ai-sdk/gateway@3.0.66(zod@4.3.6)':
    dependencies:
      '@ai-sdk/provider': 3.0.8
      '@ai-sdk/provider-utils': 4.0.19(zod@4.3.6)
      '@vercel/oidc': 3.1.0
      zod: 4.3.6

  '@ai-sdk/openai@3.0.41(zod@4.3.6)':
    dependencies:
      '@ai-sdk/provider': 3.0.8
      '@ai-sdk/provider-utils': 4.0.19(zod@4.3.6)
      zod: 4.3.6

  '@ai-sdk/provider-utils@4.0.19(zod@4.3.6)':
    dependencies:
      '@ai-sdk/provider': 3.0.8
      '@standard-schema/spec': 1.1.0
      eventsource-parser: 3.0.6
      zod: 4.3.6

  '@ai-sdk/provider@3.0.8':
    dependencies:
      json-schema: 0.4.0

  '@esbuild/aix-ppc64@0.27.3':
    optional: true

  '@esbuild/android-arm64@0.27.3':
    optional: true

  '@esbuild/android-arm@0.27.3':
    optional: true

  '@esbuild/android-x64@0.27.3':
    optional: true

  '@esbuild/darwin-arm64@0.27.3':
    optional: true

  '@esbuild/darwin-x64@0.27.3':
    optional: true

  '@esbuild/freebsd-arm64@0.27.3':
    optional: true

  '@esbuild/freebsd-x64@0.27.3':
    optional: true

  '@esbuild/linux-arm64@0.27.3':
    optional: true

  '@esbuild/linux-arm@0.27.3':
    optional: true

  '@esbuild/linux-ia32@0.27.3':
    optional: true

  '@esbuild/linux-loong64@0.27.3':
    optional: true

  '@esbuild/linux-mips64el@0.27.3':
    optional: true

  '@esbuild/linux-ppc64@0.27.3':
    optional: true

  '@esbuild/linux-riscv64@0.27.3':
    optional: true

  '@esbuild/linux-s390x@0.27.3':
    optional: true

  '@esbuild/linux-x64@0.27.3':
    optional: true

  '@esbuild/netbsd-arm64@0.27.3':
    optional: true

  '@esbuild/netbsd-x64@0.27.3':
    optional: true

  '@esbuild/openbsd-arm64@0.27.3':
    optional: true

  '@esbuild/openbsd-x64@0.27.3':
    optional: true

  '@esbuild/openharmony-arm64@0.27.3':
    optional: true

  '@esbuild/sunos-x64@0.27.3':
    optional: true

  '@esbuild/win32-arm64@0.27.3':
    optional: true

  '@esbuild/win32-ia32@0.27.3':
    optional: true

  '@esbuild/win32-x64@0.27.3':
    optional: true

  '@opentelemetry/api@1.9.0': {}

  '@standard-schema/spec@1.1.0': {}

  '@telegraf/types@7.1.0': {}

  '@types/mdast@3.0.15':
    dependencies:
      '@types/unist': 2.0.11

  '@types/node@25.3.5':
    dependencies:
      undici-types: 7.18.2

  '@types/unist@2.0.11': {}

  '@types/yargs-parser@21.0.3': {}

  '@types/yargs@17.0.35':
    dependencies:
      '@types/yargs-parser': 21.0.3

  '@vercel/oidc@3.1.0': {}

  abort-controller@3.0.0:
    dependencies:
      event-target-shim: 5.0.1

  ai@6.0.116(zod@4.3.6):
    dependencies:
      '@ai-sdk/gateway': 3.0.66(zod@4.3.6)
      '@ai-sdk/provider': 3.0.8
      '@ai-sdk/provider-utils': 4.0.19(zod@4.3.6)
      '@opentelemetry/api': 1.9.0
      zod: 4.3.6

  ansi-regex@6.2.2: {}

  ansi-styles@6.2.3: {}

  bail@1.0.5: {}

  buffer-alloc-unsafe@1.1.0: {}

  buffer-alloc@1.2.0:
    dependencies:
      buffer-alloc-unsafe: 1.1.0
      buffer-fill: 1.0.0

  buffer-fill@1.0.0: {}

  ccount@1.1.0: {}

  character-entities-legacy@1.1.4: {}

  character-entities@1.2.4: {}

  character-reference-invalid@1.1.4: {}

  cliui@9.0.1:
    dependencies:
      string-width: 7.2.0
      strip-ansi: 7.2.0
      wrap-ansi: 9.0.2

  consola@3.4.2: {}

  debug@4.4.3:
    dependencies:
      ms: 2.1.3

  emoji-regex@10.6.0: {}

  esbuild@0.27.3:
    optionalDependencies:
      '@esbuild/aix-ppc64': 0.27.3
      '@esbuild/android-arm': 0.27.3
      '@esbuild/android-arm64': 0.27.3
      '@esbuild/android-x64': 0.27.3
      '@esbuild/darwin-arm64': 0.27.3
      '@esbuild/darwin-x64': 0.27.3
      '@esbuild/freebsd-arm64': 0.27.3
      '@esbuild/freebsd-x64': 0.27.3
      '@esbuild/linux-arm': 0.27.3
      '@esbuild/linux-arm64': 0.27.3
      '@esbuild/linux-ia32': 0.27.3
      '@esbuild/linux-loong64': 0.27.3
      '@esbuild/linux-mips64el': 0.27.3
      '@esbuild/linux-ppc64': 0.27.3
      '@esbuild/linux-riscv64': 0.27.3
      '@esbuild/linux-s390x': 0.27.3
      '@esbuild/linux-x64': 0.27.3
      '@esbuild/netbsd-arm64': 0.27.3
      '@esbuild/netbsd-x64': 0.27.3
      '@esbuild/openbsd-arm64': 0.27.3
      '@esbuild/openbsd-x64': 0.27.3
      '@esbuild/openharmony-arm64': 0.27.3
      '@esbuild/sunos-x64': 0.27.3
      '@esbuild/win32-arm64': 0.27.3
      '@esbuild/win32-ia32': 0.27.3
      '@esbuild/win32-x64': 0.27.3

  escalade@3.2.0: {}

  escape-string-regexp@4.0.0: {}

  event-target-shim@5.0.1: {}

  eventsource-parser@3.0.6: {}

  extend@3.0.2: {}

  fsevents@2.3.3:
    optional: true

  get-caller-file@2.0.5: {}

  get-east-asian-width@1.5.0: {}

  get-tsconfig@4.13.6:
    dependencies:
      resolve-pkg-maps: 1.0.0

  html-comment-regex@1.1.2: {}

  is-alphabetical@1.0.4: {}

  is-alphanumerical@1.0.4:
    dependencies:
      is-alphabetical: 1.0.4
      is-decimal: 1.0.4

  is-buffer@2.0.5: {}

  is-decimal@1.0.4: {}

  is-hexadecimal@1.0.4: {}

  is-plain-obj@2.1.0: {}

  json-schema@0.4.0: {}

  json5@2.2.3: {}

  jsonc-parser@3.3.1: {}

  longest-streak@2.0.4: {}

  markdown-table@2.0.0:
    dependencies:
      repeat-string: 1.6.1

  mdast-util-find-and-replace@1.1.1:
    dependencies:
      escape-string-regexp: 4.0.0
      unist-util-is: 4.1.0
      unist-util-visit-parents: 3.1.1

  mdast-util-from-markdown@0.8.5:
    dependencies:
      '@types/mdast': 3.0.15
      mdast-util-to-string: 2.0.0
      micromark: 2.11.4
      parse-entities: 2.0.0
      unist-util-stringify-position: 2.0.3
    transitivePeerDependencies:
      - supports-color

  mdast-util-gfm-autolink-literal@0.1.3:
    dependencies:
      ccount: 1.1.0
      mdast-util-find-and-replace: 1.1.1
      micromark: 2.11.4
    transitivePeerDependencies:
      - supports-color

  mdast-util-gfm-strikethrough@0.2.3:
    dependencies:
      mdast-util-to-markdown: 0.6.5

  mdast-util-gfm-table@0.1.6:
    dependencies:
      markdown-table: 2.0.0
      mdast-util-to-markdown: 0.6.5

  mdast-util-gfm-task-list-item@0.1.6:
    dependencies:
      mdast-util-to-markdown: 0.6.5

  mdast-util-gfm@0.1.2:
    dependencies:
      mdast-util-gfm-autolink-literal: 0.1.3
      mdast-util-gfm-strikethrough: 0.2.3
      mdast-util-gfm-table: 0.1.6
      mdast-util-gfm-task-list-item: 0.1.6
      mdast-util-to-markdown: 0.6.5
    transitivePeerDependencies:
      - supports-color

  mdast-util-to-markdown@0.6.5:
    dependencies:
      '@types/unist': 2.0.11
      longest-streak: 2.0.4
      mdast-util-to-string: 2.0.0
      parse-entities: 2.0.0
      repeat-string: 1.6.1
      zwitch: 1.0.5

  mdast-util-to-string@2.0.0: {}

  micromark-extension-gfm-autolink-literal@0.5.7:
    dependencies:
      micromark: 2.11.4
    transitivePeerDependencies:
      - supports-color

  micromark-extension-gfm-strikethrough@0.6.5:
    dependencies:
      micromark: 2.11.4
    transitivePeerDependencies:
      - supports-color

  micromark-extension-gfm-table@0.4.3:
    dependencies:
      micromark: 2.11.4
    transitivePeerDependencies:
      - supports-color

  micromark-extension-gfm-tagfilter@0.3.0: {}

  micromark-extension-gfm-task-list-item@0.3.3:
    dependencies:
      micromark: 2.11.4
    transitivePeerDependencies:
      - supports-color

  micromark-extension-gfm@0.3.3:
    dependencies:
      micromark: 2.11.4
      micromark-extension-gfm-autolink-literal: 0.5.7
      micromark-extension-gfm-strikethrough: 0.6.5
      micromark-extension-gfm-table: 0.4.3
      micromark-extension-gfm-tagfilter: 0.3.0
      micromark-extension-gfm-task-list-item: 0.3.3
    transitivePeerDependencies:
      - supports-color

  micromark@2.11.4:
    dependencies:
      debug: 4.4.3
      parse-entities: 2.0.0
    transitivePeerDependencies:
      - supports-color

  minimist@1.2.8: {}

  mri@1.2.0: {}

  ms@2.1.3: {}

  node-fetch@2.7.0:
    dependencies:
      whatwg-url: 5.0.0

  openai@6.27.0(zod@4.3.6):
    optionalDependencies:
      zod: 4.3.6

  p-timeout@4.1.0: {}

  parse-entities@2.0.0:
    dependencies:
      character-entities: 1.2.4
      character-entities-legacy: 1.1.4
      character-reference-invalid: 1.1.4
      is-alphanumerical: 1.0.4
      is-decimal: 1.0.4
      is-hexadecimal: 1.0.4

  remark-gfm@1.0.0:
    dependencies:
      mdast-util-gfm: 0.1.2
      micromark-extension-gfm: 0.3.3
    transitivePeerDependencies:
      - supports-color

  remark-parse@9.0.0:
    dependencies:
      mdast-util-from-markdown: 0.8.5
    transitivePeerDependencies:
      - supports-color

  remark-remove-comments@0.2.0:
    dependencies:
      html-comment-regex: 1.1.2
      unist-util-visit: 2.0.3

  remark-stringify@9.0.1:
    dependencies:
      mdast-util-to-markdown: 0.6.5

  repeat-string@1.6.1: {}

  resolve-pkg-maps@1.0.0: {}

  safe-compare@1.1.4:
    dependencies:
      buffer-alloc: 1.2.0

  sandwich-stream@2.0.2: {}

  string-width@7.2.0:
    dependencies:
      emoji-regex: 10.6.0
      get-east-asian-width: 1.5.0
      strip-ansi: 7.2.0

  strip-ansi@7.2.0:
    dependencies:
      ansi-regex: 6.2.2

  strip-bom@3.0.0: {}

  telegraf@4.16.3:
    dependencies:
      '@telegraf/types': 7.1.0
      abort-controller: 3.0.0
      debug: 4.4.3
      mri: 1.2.0
      node-fetch: 2.7.0
      p-timeout: 4.1.0
      safe-compare: 1.1.4
      sandwich-stream: 2.0.2
    transitivePeerDependencies:
      - encoding
      - supports-color

  telegramify-markdown@1.3.2:
    dependencies:
      mdast-util-gfm-table: 0.1.6
      mdast-util-to-markdown: 0.6.5
      remark-gfm: 1.0.0
      remark-parse: 9.0.0
      remark-remove-comments: 0.2.0
      remark-stringify: 9.0.1
      unified: 9.2.2
      unist-util-remove: 2.1.0
      unist-util-visit: 2.0.3
    transitivePeerDependencies:
      - supports-color

  tr46@0.0.3: {}

  trough@1.0.5: {}

  tsconfig-paths@4.2.0:
    dependencies:
      json5: 2.2.3
      minimist: 1.2.8
      strip-bom: 3.0.0

  tsx@4.21.0:
    dependencies:
      esbuild: 0.27.3
      get-tsconfig: 4.13.6
    optionalDependencies:
      fsevents: 2.3.3

  typescript@5.9.3: {}

  undici-types@7.18.2: {}

  unified@9.2.2:
    dependencies:
      '@types/unist': 2.0.11
      bail: 1.0.5
      extend: 3.0.2
      is-buffer: 2.0.5
      is-plain-obj: 2.1.0
      trough: 1.0.5
      vfile: 4.2.1

  unist-util-is@4.1.0: {}

  unist-util-remove@2.1.0:
    dependencies:
      unist-util-is: 4.1.0

  unist-util-stringify-position@2.0.3:
    dependencies:
      '@types/unist': 2.0.11

  unist-util-visit-parents@3.1.1:
    dependencies:
      '@types/unist': 2.0.11
      unist-util-is: 4.1.0

  unist-util-visit@2.0.3:
    dependencies:
      '@types/unist': 2.0.11
      unist-util-is: 4.1.0
      unist-util-visit-parents: 3.1.1

  vfile-message@2.0.4:
    dependencies:
      '@types/unist': 2.0.11
      unist-util-stringify-position: 2.0.3

  vfile@4.2.1:
    dependencies:
      '@types/unist': 2.0.11
      is-buffer: 2.0.5
      unist-util-stringify-position: 2.0.3
      vfile-message: 2.0.4

  webidl-conversions@3.0.1: {}

  whatwg-url@5.0.0:
    dependencies:
      tr46: 0.0.3
      webidl-conversions: 3.0.1

  wrap-ansi@9.0.2:
    dependencies:
      ansi-styles: 6.2.3
      string-width: 7.2.0
      strip-ansi: 7.2.0

  y18n@5.0.8: {}

  yargs-parser@22.0.0: {}

  yargs@18.0.0:
    dependencies:
      cliui: 9.0.1
      escalade: 3.2.0
      get-caller-file: 2.0.5
      string-width: 7.2.0
      y18n: 5.0.8
      yargs-parser: 22.0.0

  zod@4.3.6: {}

  zwitch@1.0.5: {}
